
Microsoft Visual Studio Solution File, Format Version 12.00
# Visual Studio Version 16
VisualStudioVersion = 16.0.30503.244
MinimumVisualStudioVersion = 10.0.40219.1
Project("{FAE04EC0-301F-11D3-BF4B-00C04F79EFBC}") = "ServiceManager", "ServiceManager\ServiceManager.csproj", "{FC4EED5A-A2BA-4C31-9729-32615E2831A8}"
EndProject
Global
	GlobalSection(SolutionConfigurationPlatforms) = preSolution
		Debug|Any CPU = Debug|Any CPU
		Release|Any CPU = Release|Any CPU
	EndGlobalSection
	GlobalSection(ProjectConfigurationPlatforms) = postSolution
		{FC4EED5A-A2BA-4C31-9729-32615E2831A8}.Debug|Any CPU.ActiveCfg = Debug|Any CPU
		{FC4EED5A-A2BA-4C31-9729-32615E2831A8}.Debug|Any CPU.Build.0 = Debug|Any CPU
		{FC4EED5A-A2BA-4C31-9729-32615E2831A8}.Release|Any CPU.ActiveCfg = Release|Any CPU
		{FC4EED5A-A2BA-4C31-9729-32615E2831A8}.Release|Any CPU.Build.0 = Release|Any CPU
	EndGlobalSection
	GlobalSection(SolutionProperties) = preSolution
		HideSolutionNode = FALSE
	EndGlobalSection
	GlobalSection(ExtensibilityGlobals) = postSolution
		SolutionGuid = {CCB2EF7E-C110-4533-BC27-476C2DD9A9D5}
	EndGlobalSection
EndGlobal
